
Microsoft Visual Studio Solution File, Format Version 12.00
# Visual Studio 15
VisualStudioVersion = 15.0.28307.1082
MinimumVisualStudioVersion = 10.0.40219.1
Project("{FAE04EC0-301F-11D3-BF4B-00C04F79EFBC}") = "WpfApp1", "WpfApp1\WpfApp1.csproj", "{057D7F9D-F5EE-4674-B37A-EB9A70AD4E6B}"
EndProject
Global
	GlobalSection(SolutionConfigurationPlatforms) = preSolution
		Debug|Any CPU = Debug|Any CPU
		Release|Any CPU = Release|Any CPU
	EndGlobalSection
	GlobalSection(ProjectConfigurationPlatforms) = postSolution
		{057D7F9D-F5EE-4674-B37A-EB9A70AD4E6B}.Debug|Any CPU.ActiveCfg = Debug|Any CPU
		{057D7F9D-F5EE-4674-B37A-EB9A70AD4E6B}.Debug|Any CPU.Build.0 = Debug|Any CPU
		{057D7F9D-F5EE-4674-B37A-EB9A70AD4E6B}.Release|Any CPU.ActiveCfg = Release|Any CPU
		{057D7F9D-F5EE-4674-B37A-EB9A70AD4E6B}.Release|Any CPU.Build.0 = Release|Any CPU
	EndGlobalSection
	GlobalSection(SolutionProperties) = preSolution
		HideSolutionNode = FALSE
	EndGlobalSection
	GlobalSection(ExtensibilityGlobals) = postSolution
		SolutionGuid = {15E23F82-8765-44ED-82A2-A27992296BD5}
	EndGlobalSection
EndGlobal
